<?xml version="1.0" encoding="utf-8"?>
<Project ToolsVersion="4.0" xmlns="http://schemas.microsoft.com/developer/msbuild/2003">
  <ItemGroup>
    <ClCompile Include="_main.cpp" />
    <ClCompile Include="logger.cpp" />
    <ClCompile Include="validation_layers.cpp" />
    <ClCompile Include="vulkan_instance.cpp" />
  </ItemGroup>
  <ItemGroup>
    <ClInclude Include="logger.h" />
    <ClInclude Include="validation_layers.h" />
    <ClInclude Include="vulkan_instance.h" />
  </ItemGroup>
</Project>